// !$*UTF8*$!
{
	archiveVersion = 1;
	classes = {
	};
	objectVersion = 77;
	objects = {

/* Begin PBXContainerItemProxy section */
		72BEE9FA2D52958D006733BE /* PBXContainerItemProxy */ = {
			isa = PBXContainerItemProxy;
			containerPortal = 72BEE9E02D52958C006733BE /* Project object */;
			proxyType = 1;
			remoteGlobalIDString = 72BEE9E72D52958C006733BE;
			remoteInfo = CWCSpotifyNetworkingProject;
		};
		72BEEA042D52958D006733BE /* PBXContainerItemProxy */ = {
			isa = PBXContainerItemProxy;
			containerPortal = 72BEE9E02D52958C006733BE /* Project object */;
			proxyType = 1;
			remoteGlobalIDString = 72BEE9E72D52958C006733BE;
			remoteInfo = CWCSpotifyNetworkingProject;
		};
/* End PBXContainerItemProxy section */

/* Begin PBXFileReference section */
		72BEE9E82D52958C006733BE /* CWCSpotifyNetworkingProject.app */ = {isa = PBXFileReference; explicitFileType = wrapper.application; includeInIndex = 0; path = CWCSpotifyNetworkingProject.app; sourceTree = BUILT_PRODUCTS_DIR; };
		72BEE9F92D52958D006733BE /* CWCSpotifyNetworkingProjectTests.xctest */ = {isa = PBXFileReference; explicitFileType = wrapper.cfbundle; includeInIndex = 0; path = CWCSpotifyNetworkingProjectTests.xctest; sourceTree = BUILT_PRODUCTS_DIR; };
		72BEEA032D52958D006733BE /* CWCSpotifyNetworkingProjectUITests.xctest */ = {isa = PBXFileReference; explicitFileType = wrapper.cfbundle; includeInIndex = 0; path = CWCSpotifyNetworkingProjectUITests.xctest; sourceTree = BUILT_PRODUCTS_DIR; };
/* End PBXFileReference section */

/* Begin PBXFileSystemSynchronizedBuildFileExceptionSet section */
		72BEEA372D529ED5006733BE /* Exceptions for "CWCSpotifyNetworkingProject" folder in "CWCSpotifyNetworkingProject" target */ = {
			isa = PBXFileSystemSynchronizedBuildFileExceptionSet;
			membershipExceptions = (
				Info.plist,
			);
			target = 72BEE9E72D52958C006733BE /* CWCSpotifyNetworkingProject */;
		};
/* End PBXFileSystemSynchronizedBuildFileExceptionSet section */

/* Begin PBXFileSystemSynchronizedRootGroup section */
		72BEE9EA2D52958C006733BE /* CWCSpotifyNetworkingProject */ = {
			isa = PBXFileSystemSynchronizedRootGroup;
			exceptions = (
				72BEEA372D529ED5006733BE /* Exceptions for "CWCSpotifyNetworkingProject" folder in "CWCSpotifyNetworkingProject" target */,
			);
			path = CWCSpotifyNetworkingProject;
			sourceTree = "<group>";
		};
		72BEE9FC2D52958D006733BE /* CWCSpotifyNetworkingProjectTests */ = {
			isa = PBXFileSystemSynchronizedRootGroup;
			path = CWCSpotifyNetworkingProjectTests;
			sourceTree = "<group>";
		};
		72BEEA062D52958D006733BE /* CWCSpotifyNetworkingProjectUITests */ = {
			isa = PBXFileSystemSynchronizedRootGroup;
			path = CWCSpotifyNetworkingProjectUITests;
			sourceTree = "<group>";
		};
/* End PBXFileSystemSynchronizedRootGroup section */

/* Begin PBXFrameworksBuildPhase section */
		72BEE9E52D52958C006733BE /* Frameworks */ = {
			isa = PBXFrameworksBuildPhase;
			buildActionMask = 2147483647;
			files = (
			);
			runOnlyForDeploymentPostprocessing = 0;
		};
		72BEE9F62D52958D006733BE /* Frameworks */ = {
			isa = PBXFrameworksBuildPhase;
			buildActionMask = 2147483647;
			files = (
			);
			runOnlyForDeploymentPostprocessing = 0;
		};
		72BEEA002D52958D006733BE /* Frameworks */ = {
			isa = PBXFrameworksBuildPhase;
			buildActionMask = 2147483647;
			files = (
			);
			runOnlyForDeploymentPostprocessing = 0;
		};
/* End PBXFrameworksBuildPhase section */

/* Begin PBXGroup section */
		72BEE9DF2D52958C006733BE = {
			isa = PBXGroup;
			children = (
				72BEE9EA2D52958C006733BE /* CWCSpotifyNetworkingProject */,
				72BEE9FC2D52958D006733BE /* CWCSpotifyNetworkingProjectTests */,
				72BEEA062D52958D006733BE /* CWCSpotifyNetworkingProjectUITests */,
				72BEE9E92D52958C006733BE /* Products */,
			);
			sourceTree = "<group>";
		};
		72BEE9E92D52958C006733BE /* Products */ = {
			isa = PBXGroup;
			children = (
				72BEE9E82D52958C006733BE /* CWCSpotifyNetworkingProject.app */,
				72BEE9F92D52958D006733BE /* CWCSpotifyNetworkingProjectTests.xctest */,
				72BEEA032D52958D006733BE /* CWCSpotifyNetworkingProjectUITests.xctest */,
			);
			name = Products;
			sourceTree = "<group>";
		};
/* End PBXGroup section */

/* Begin PBXNativeTarget section */
		72BEE9E72D52958C006733BE /* CWCSpotifyNetworkingProject */ = {
			isa = PBXNativeTarget;
			buildConfigurationList = 72BEEA0D2D52958D006733BE /* Build configuration list for PBXNativeTarget "CWCSpotifyNetworkingProject" */;
			buildPhases = (
				72BEE9E42D52958C006733BE /* Sources */,
				72BEE9E52D52958C006733BE /* Frameworks */,
				72BEE9E62D52958C006733BE /* Resources */,
			);
			buildRules = (
			);
			dependencies = (
			);
			fileSystemSynchronizedGroups = (
				72BEE9EA2D52958C006733BE /* CWCSpotifyNetworkingProject */,
			);
			name = CWCSpotifyNetworkingProject;
			packageProductDependencies = (
			);
			productName = CWCSpotifyNetworkingProject;
			productReference = 72BEE9E82D52958C006733BE /* CWCSpotifyNetworkingProject.app */;
			productType = "com.apple.product-type.application";
		};
		72BEE9F82D52958D006733BE /* CWCSpotifyNetworkingProjectTests */ = {
			isa = PBXNativeTarget;
			buildConfigurationList = 72BEEA102D52958D006733BE /* Build configuration list for PBXNativeTarget "CWCSpotifyNetworkingProjectTests" */;
			buildPhases = (
				72BEE9F52D52958D006733BE /* Sources */,
				72BEE9F62D52958D006733BE /* Frameworks */,
				72BEE9F72D52958D006733BE /* Resources */,
			);
			buildRules = (
			);
			dependencies = (
				72BEE9FB2D52958D006733BE /* PBXTargetDependency */,
			);
			fileSystemSynchronizedGroups = (
				72BEE9FC2D52958D006733BE /* CWCSpotifyNetworkingProjectTests */,
			);
			name = CWCSpotifyNetworkingProjectTests;
			packageProductDependencies = (
			);
			productName = CWCSpotifyNetworkingProjectTests;
			productReference = 72BEE9F92D52958D006733BE /* CWCSpotifyNetworkingProjectTests.xctest */;
			productType = "com.apple.product-type.bundle.unit-test";
		};
		72BEEA022D52958D006733BE /* CWCSpotifyNetworkingProjectUITests */ = {
			isa = PBXNativeTarget;
			buildConfigurationList = 72BEEA132D52958D006733BE /* Build configuration list for PBXNativeTarget "CWCSpotifyNetworkingProjectUITests" */;
			buildPhases = (
				72BEE9FF2D52958D006733BE /* Sources */,
				72BEEA002D52958D006733BE /* Frameworks */,
				72BEEA012D52958D006733BE /* Resources */,
			);
			buildRules = (
			);
			dependencies = (
				72BEEA052D52958D006733BE /* PBXTargetDependency */,
			);
			fileSystemSynchronizedGroups = (
				72BEEA062D52958D006733BE /* CWCSpotifyNetworkingProjectUITests */,
			);
			name = CWCSpotifyNetworkingProjectUITests;
			packageProductDependencies = (
			);
			productName = CWCSpotifyNetworkingProjectUITests;
			productReference = 72BEEA032D52958D006733BE /* CWCSpotifyNetworkingProjectUITests.xctest */;
			productType = "com.apple.product-type.bundle.ui-testing";
		};
/* End PBXNativeTarget section */

/* Begin PBXProject section */
		72BEE9E02D52958C006733BE /* Project object */ = {
			isa = PBXProject;
			attributes = {
				BuildIndependentTargetsInParallel = 1;
				LastSwiftUpdateCheck = 1600;
				LastUpgradeCheck = 1600;
				TargetAttributes = {
					72BEE9E72D52958C006733BE = {
						CreatedOnToolsVersion = 16.0;
					};
					72BEE9F82D52958D006733BE = {
						CreatedOnToolsVersion = 16.0;
						TestTargetID = 72BEE9E72D52958C006733BE;
					};
					72BEEA022D52958D006733BE = {
						CreatedOnToolsVersion = 16.0;
						TestTargetID = 72BEE9E72D52958C006733BE;
					};
				};
			};
			buildConfigurationList = 72BEE9E32D52958C006733BE /* Build configuration list for PBXProject "CWCSpotifyNetworkingProject" */;
			developmentRegion = en;
			hasScannedForEncodings = 0;
			knownRegions = (
				en,
				Base,
			);
			mainGroup = 72BEE9DF2D52958C006733BE;
			minimizedProjectReferenceProxies = 1;
			preferredProjectObjectVersion = 77;
			productRefGroup = 72BEE9E92D52958C006733BE /* Products */;
			projectDirPath = "";
			projectRoot = "";
			targets = (
				72BEE9E72D52958C006733BE /* CWCSpotifyNetworkingProject */,
				72BEE9F82D52958D006733BE /* CWCSpotifyNetworkingProjectTests */,
				72BEEA022D52958D006733BE /* CWCSpotifyNetworkingProjectUITests */,
			);
		};
/* End PBXProject section */

/* Begin PBXResourcesBuildPhase section */
		72BEE9E62D52958C006733BE /* Resources */ = {
			isa = PBXResourcesBuildPhase;
			buildActionMask = 2147483647;
			files = (
			);
			runOnlyForDeploymentPostprocessing = 0;
		};
		72BEE9F72D52958D006733BE /* Resources */ = {
			isa = PBXResourcesBuildPhase;
			buildActionMask = 2147483647;
			files = (
			);
			runOnlyForDeploymentPostprocessing = 0;
		};
		72BEEA012D52958D006733BE /* Resources */ = {
			isa = PBXResourcesBuildPhase;
			buildActionMask = 2147483647;
			files = (
			);
			runOnlyForDeploymentPostprocessing = 0;
		};
/* End PBXResourcesBuildPhase section */

/* Begin PBXSourcesBuildPhase section */
		72BEE9E42D52958C006733BE /* Sources */ = {
			isa = PBXSourcesBuildPhase;
			buildActionMask = 2147483647;
			files = (
			);
			runOnlyForDeploymentPostprocessing = 0;
		};
		72BEE9F52D52958D006733BE /* Sources */ = {
			isa = PBXSourcesBuildPhase;
			buildActionMask = 2147483647;
			files = (
			);
			runOnlyForDeploymentPostprocessing = 0;
		};
		72BEE9FF2D52958D006733BE /* Sources */ = {
			isa = PBXSourcesBuildPhase;
			buildActionMask = 2147483647;
			files = (
			);
			runOnlyForDeploymentPostprocessing = 0;
		};
/* End PBXSourcesBuildPhase section */

/* Begin PBXTargetDependency section */
		72BEE9FB2D52958D006733BE /* PBXTargetDependency */ = {
			isa = PBXTargetDependency;
			target = 72BEE9E72D52958C006733BE /* CWCSpotifyNetworkingProject */;
			targetProxy = 72BEE9FA2D52958D006733BE /* PBXContainerItemProxy */;
		};
		72BEEA052D52958D006733BE /* PBXTargetDependency */ = {
			isa = PBXTargetDependency;
			target = 72BEE9E72D52958C006733BE /* CWCSpotifyNetworkingProject */;
			targetProxy = 72BEEA042D52958D006733BE /* PBXContainerItemProxy */;
		};
/* End PBXTargetDependency section */

/* Begin XCBuildConfiguration section */
		72BEEA0B2D52958D006733BE /* Debug */ = {
			isa = XCBuildConfiguration;
			buildSettings = {
				ALWAYS_SEARCH_USER_PATHS = NO;
				ASSETCATALOG_COMPILER_GENERATE_SWIFT_ASSET_SYMBOL_EXTENSIONS = YES;
				CLANG_ANALYZER_NONNULL = YES;
				CLANG_ANALYZER_NUMBER_OBJECT_CONVERSION = YES_AGGRESSIVE;
				CLANG_CXX_LANGUAGE_STANDARD = "gnu++20";
				CLANG_ENABLE_MODULES = YES;
				CLANG_ENABLE_OBJC_ARC = YES;
				CLANG_ENABLE_OBJC_WEAK = YES;
				CLANG_WARN_BLOCK_CAPTURE_AUTORELEASING = YES;
				CLANG_WARN_BOOL_CONVERSION = YES;
				CLANG_WARN_COMMA = YES;
				CLANG_WARN_CONSTANT_CONVERSION = YES;
				CLANG_WARN_DEPRECATED_OBJC_IMPLEMENTATIONS = YES;
				CLANG_WARN_DIRECT_OBJC_ISA_USAGE = YES_ERROR;
				CLANG_WARN_DOCUMENTATION_COMMENTS = YES;
				CLANG_WARN_EMPTY_BODY = YES;
				CLANG_WARN_ENUM_CONVERSION = YES;
				CLANG_WARN_INFINITE_RECURSION = YES;
				CLANG_WARN_INT_CONVERSION = YES;
				CLANG_WARN_NON_LITERAL_NULL_CONVERSION = YES;
				CLANG_WARN_OBJC_IMPLICIT_RETAIN_SELF = YES;
				CLANG_WARN_OBJC_LITERAL_CONVERSION = YES;
				CLANG_WARN_OBJC_ROOT_CLASS = YES_ERROR;
				CLANG_WARN_QUOTED_INCLUDE_IN_FRAMEWORK_HEADER = YES;
				CLANG_WARN_RANGE_LOOP_ANALYSIS = YES;
				CLANG_WARN_STRICT_PROTOTYPES = YES;
				CLANG_WARN_SUSPICIOUS_MOVE = YES;
				CLANG_WARN_UNGUARDED_AVAILABILITY = YES_AGGRESSIVE;
				CLANG_WARN_UNREACHABLE_CODE = YES;
				CLANG_WARN__DUPLICATE_METHOD_MATCH = YES;
				COPY_PHASE_STRIP = NO;
				DEBUG_INFORMATION_FORMAT = dwarf;
				ENABLE_STRICT_OBJC_MSGSEND = YES;
				ENABLE_TESTABILITY = YES;
				ENABLE_USER_SCRIPT_SANDBOXING = YES;
				GCC_C_LANGUAGE_STANDARD = gnu17;
				GCC_DYNAMIC_NO_PIC = NO;
				GCC_NO_COMMON_BLOCKS = YES;
				GCC_OPTIMIZATION_LEVEL = 0;
				GCC_PREPROCESSOR_DEFINITIONS = (
					"DEBUG=1",
					"$(inherited)",
				);
				GCC_WARN_64_TO_32_BIT_CONVERSION = YES;
				GCC_WARN_ABOUT_RETURN_TYPE = YES_ERROR;
				GCC_WARN_UNDECLARED_SELECTOR = YES;
				GCC_WARN_UNINITIALIZED_AUTOS = YES_AGGRESSIVE;
				GCC_WARN_UNUSED_FUNCTION = YES;
				GCC_WARN_UNUSED_VARIABLE = YES;
				LOCALIZATION_PREFERS_STRING_CATALOGS = YES;
				MTL_ENABLE_DEBUG_INFO = INCLUDE_SOURCE;
				MTL_FAST_MATH = YES;
				ONLY_ACTIVE_ARCH = YES;
				SWIFT_ACTIVE_COMPILATION_CONDITIONS = "DEBUG $(inherited)";
				SWIFT_OPTIMIZATION_LEVEL = "-Onone";
			};
			name = Debug;
		};
		72BEEA0C2D52958D006733BE /* Release */ = {
			isa = XCBuildConfiguration;
			buildSettings = {
				ALWAYS_SEARCH_USER_PATHS = NO;
				ASSETCATALOG_COMPILER_GENERATE_SWIFT_ASSET_SYMBOL_EXTENSIONS = YES;
				CLANG_ANALYZER_NONNULL = YES;
				CLANG_ANALYZER_NUMBER_OBJECT_CONVERSION = YES_AGGRESSIVE;
				CLANG_CXX_LANGUAGE_STANDARD = "gnu++20";
				CLANG_ENABLE_MODULES = YES;
				CLANG_ENABLE_OBJC_ARC = YES;
				CLANG_ENABLE_OBJC_WEAK = YES;
				CLANG_WARN_BLOCK_CAPTURE_AUTORELEASING = YES;
				CLANG_WARN_BOOL_CONVERSION = YES;
				CLANG_WARN_COMMA = YES;
				CLANG_WARN_CONSTANT_CONVERSION = YES;
				CLANG_WARN_DEPRECATED_OBJC_IMPLEMENTATIONS = YES;
				CLANG_WARN_DIRECT_OBJC_ISA_USAGE = YES_ERROR;
				CLANG_WARN_DOCUMENTATION_COMMENTS = YES;
				CLANG_WARN_EMPTY_BODY = YES;
				CLANG_WARN_ENUM_CONVERSION = YES;
				CLANG_WARN_INFINITE_RECURSION = YES;
				CLANG_WARN_INT_CONVERSION = YES;
				CLANG_WARN_NON_LITERAL_NULL_CONVERSION = YES;
				CLANG_WARN_OBJC_IMPLICIT_RETAIN_SELF = YES;
				CLANG_WARN_OBJC_LITERAL_CONVERSION = YES;
				CLANG_WARN_OBJC_ROOT_CLASS = YES_ERROR;
				CLANG_WARN_QUOTED_INCLUDE_IN_FRAMEWORK_HEADER = YES;
				CLANG_WARN_RANGE_LOOP_ANALYSIS = YES;
				CLANG_WARN_STRICT_PROTOTYPES = YES;
				CLANG_WARN_SUSPICIOUS_MOVE = YES;
				CLANG_WARN_UNGUARDED_AVAILABILITY = YES_AGGRESSIVE;
				CLANG_WARN_UNREACHABLE_CODE = YES;
				CLANG_WARN__DUPLICATE_METHOD_MATCH = YES;
				COPY_PHASE_STRIP = NO;
				DEBUG_INFORMATION_FORMAT = "dwarf-with-dsym";
				ENABLE_NS_ASSERTIONS = NO;
				ENABLE_STRICT_OBJC_MSGSEND = YES;
				ENABLE_USER_SCRIPT_SANDBOXING = YES;
				GCC_C_LANGUAGE_STANDARD = gnu17;
				GCC_NO_COMMON_BLOCKS = YES;
				GCC_WARN_64_TO_32_BIT_CONVERSION = YES;
				GCC_WARN_ABOUT_RETURN_TYPE = YES_ERROR;
				GCC_WARN_UNDECLARED_SELECTOR = YES;
				GCC_WARN_UNINITIALIZED_AUTOS = YES_AGGRESSIVE;
				GCC_WARN_UNUSED_FUNCTION = YES;
				GCC_WARN_UNUSED_VARIABLE = YES;
				LOCALIZATION_PREFERS_STRING_CATALOGS = YES;
				MTL_ENABLE_DEBUG_INFO = NO;
				MTL_FAST_MATH = YES;
				SWIFT_COMPILATION_MODE = wholemodule;
			};
			name = Release;
		};
		72BEEA0E2D52958D006733BE /* Debug */ = {
			isa = XCBuildConfiguration;
			buildSettings = {
				ASSETCATALOG_COMPILER_APPICON_NAME = AppIcon;
				ASSETCATALOG_COMPILER_GLOBAL_ACCENT_COLOR_NAME = AccentColor;
				CODE_SIGN_ENTITLEMENTS = CWCSpotifyNetworkingProject/CWCSpotifyNetworkingProject.entitlements;
				CODE_SIGN_STYLE = Automatic;
				CURRENT_PROJECT_VERSION = 1;
				DEVELOPMENT_ASSET_PATHS = "\"CWCSpotifyNetworkingProject/Preview Content\"";
				DEVELOPMENT_TEAM = Z99UQ9K4CC;
				ENABLE_HARDENED_RUNTIME = YES;
				ENABLE_PREVIEWS = YES;
				GENERATE_INFOPLIST_FILE = YES;
				INFOPLIST_FILE = CWCSpotifyNetworkingProject/Info.plist;
				"INFOPLIST_KEY_UIApplicationSceneManifest_Generation[sdk=iphoneos*]" = YES;
				"INFOPLIST_KEY_UIApplicationSceneManifest_Generation[sdk=iphonesimulator*]" = YES;
				"INFOPLIST_KEY_UIApplicationSupportsIndirectInputEvents[sdk=iphoneos*]" = YES;
				"INFOPLIST_KEY_UIApplicationSupportsIndirectInputEvents[sdk=iphonesimulator*]" = YES;
				"INFOPLIST_KEY_UILaunchScreen_Generation[sdk=iphoneos*]" = YES;
				"INFOPLIST_KEY_UILaunchScreen_Generation[sdk=iphonesimulator*]" = YES;
				"INFOPLIST_KEY_UIStatusBarStyle[sdk=iphoneos*]" = UIStatusBarStyleDefault;
				"INFOPLIST_KEY_UIStatusBarStyle[sdk=iphonesimulator*]" = UIStatusBarStyleDefault;
				INFOPLIST_KEY_UISupportedInterfaceOrientations_iPad = "UIInterfaceOrientationPortrait UIInterfaceOrientationPortraitUpsideDown UIInterfaceOrientationLandscapeLeft UIInterfaceOrientationLandscapeRight";
				INFOPLIST_KEY_UISupportedInterfaceOrientations_iPhone = "UIInterfaceOrientationPortrait UIInterfaceOrientationLandscapeLeft UIInterfaceOrientationLandscapeRight";
				IPHONEOS_DEPLOYMENT_TARGET = 18.0;
				LD_RUNPATH_SEARCH_PATHS = "@executable_path/Frameworks";
				"LD_RUNPATH_SEARCH_PATHS[sdk=macosx*]" = "@executable_path/../Frameworks";
				MACOSX_DEPLOYMENT_TARGET = 15.0;
				MARKETING_VERSION = 1.0;
				PRODUCT_BUNDLE_IDENTIFIER = nickolasdimitrakas.CWCSpotifyNetworkingProject;
				PRODUCT_NAME = "$(TARGET_NAME)";
				SDKROOT = auto;
				SUPPORTED_PLATFORMS = "iphoneos iphonesimulator macosx xros xrsimulator";
				SWIFT_EMIT_LOC_STRINGS = YES;
				SWIFT_VERSION = 5.0;
				TARGETED_DEVICE_FAMILY = "1,2,7";
				XROS_DEPLOYMENT_TARGET = 2.0;
			};
			name = Debug;
		};
		72BEEA0F2D52958D006733BE /* Release */ = {
			isa = XCBuildConfiguration;
			buildSettings = {
				ASSETCATALOG_COMPILER_APPICON_NAME = AppIcon;
				ASSETCATALOG_COMPILER_GLOBAL_ACCENT_COLOR_NAME = AccentColor;
				CODE_SIGN_ENTITLEMENTS = CWCSpotifyNetworkingProject/CWCSpotifyNetworkingProject.entitlements;
				CODE_SIGN_STYLE = Automatic;
				CURRENT_PROJECT_VERSION = 1;
				DEVELOPMENT_ASSET_PATHS = "\"CWCSpotifyNetworkingProject/Preview Content\"";
				DEVELOPMENT_TEAM = Z99UQ9K4CC;
				ENABLE_HARDENED_RUNTIME = YES;
				ENABLE_PREVIEWS = YES;
				GENERATE_INFOPLIST_FILE = YES;
				INFOPLIST_FILE = CWCSpotifyNetworkingProject/Info.plist;
				"INFOPLIST_KEY_UIApplicationSceneManifest_Generation[sdk=iphoneos*]" = YES;
				"INFOPLIST_KEY_UIApplicationSceneManifest_Generation[sdk=iphonesimulator*]" = YES;
				"INFOPLIST_KEY_UIApplicationSupportsIndirectInputEvents[sdk=iphoneos*]" = YES;
				"INFOPLIST_KEY_UIApplicationSupportsIndirectInputEvents[sdk=iphonesimulator*]" = YES;
				"INFOPLIST_KEY_UILaunchScreen_Generation[sdk=iphoneos*]" = YES;
				"INFOPLIST_KEY_UILaunchScreen_Generation[sdk=iphonesimulator*]" = YES;
				"INFOPLIST_KEY_UIStatusBarStyle[sdk=iphoneos*]" = UIStatusBarStyleDefault;
				"INFOPLIST_KEY_UIStatusBarStyle[sdk=iphonesimulator*]" = UIStatusBarStyleDefault;
				INFOPLIST_KEY_UISupportedInterfaceOrientations_iPad = "UIInterfaceOrientationPortrait UIInterfaceOrientationPortraitUpsideDown UIInterfaceOrientationLandscapeLeft UIInterfaceOrientationLandscapeRight";
				INFOPLIST_KEY_UISupportedInterfaceOrientations_iPhone = "UIInterfaceOrientationPortrait UIInterfaceOrientationLandscapeLeft UIInterfaceOrientationLandscapeRight";
				IPHONEOS_DEPLOYMENT_TARGET = 18.0;
				LD_RUNPATH_SEARCH_PATHS = "@executable_path/Frameworks";
				"LD_RUNPATH_SEARCH_PATHS[sdk=macosx*]" = "@executable_path/../Frameworks";
				MACOSX_DEPLOYMENT_TARGET = 15.0;
				MARKETING_VERSION = 1.0;
				PRODUCT_BUNDLE_IDENTIFIER = nickolasdimitrakas.CWCSpotifyNetworkingProject;
				PRODUCT_NAME = "$(TARGET_NAME)";
				SDKROOT = auto;
				SUPPORTED_PLATFORMS = "iphoneos iphonesimulator macosx xros xrsimulator";
				SWIFT_EMIT_LOC_STRINGS = YES;
				SWIFT_VERSION = 5.0;
				TARGETED_DEVICE_FAMILY = "1,2,7";
				XROS_DEPLOYMENT_TARGET = 2.0;
			};
			name = Release;
		};
		72BEEA112D52958D006733BE /* Debug */ = {
			isa = XCBuildConfiguration;
			buildSettings = {
				BUNDLE_LOADER = "$(TEST_HOST)";
				CODE_SIGN_STYLE = Automatic;
				CURRENT_PROJECT_VERSION = 1;
				DEVELOPMENT_TEAM = Z99UQ9K4CC;
				GENERATE_INFOPLIST_FILE = YES;
				IPHONEOS_DEPLOYMENT_TARGET = 18.0;
				MACOSX_DEPLOYMENT_TARGET = 15.0;
				MARKETING_VERSION = 1.0;
				PRODUCT_BUNDLE_IDENTIFIER = nickolasdimitrakas.CWCSpotifyNetworkingProjectTests;
				PRODUCT_NAME = "$(TARGET_NAME)";
				SDKROOT = auto;
				SUPPORTED_PLATFORMS = "iphoneos iphonesimulator macosx xros xrsimulator";
				SWIFT_EMIT_LOC_STRINGS = NO;
				SWIFT_VERSION = 5.0;
				TARGETED_DEVICE_FAMILY = "1,2,7";
				TEST_HOST = "$(BUILT_PRODUCTS_DIR)/CWCSpotifyNetworkingProject.app/$(BUNDLE_EXECUTABLE_FOLDER_PATH)/CWCSpotifyNetworkingProject";
				XROS_DEPLOYMENT_TARGET = 2.0;
			};
			name = Debug;
		};
		72BEEA122D52958D006733BE /* Release */ = {
			isa = XCBuildConfiguration;
			buildSettings = {
				BUNDLE_LOADER = "$(TEST_HOST)";
				CODE_SIGN_STYLE = Automatic;
				CURRENT_PROJECT_VERSION = 1;
				DEVELOPMENT_TEAM = Z99UQ9K4CC;
				GENERATE_INFOPLIST_FILE = YES;
				IPHONEOS_DEPLOYMENT_TARGET = 18.0;
				MACOSX_DEPLOYMENT_TARGET = 15.0;
				MARKETING_VERSION = 1.0;
				PRODUCT_BUNDLE_IDENTIFIER = nickolasdimitrakas.CWCSpotifyNetworkingProjectTests;
				PRODUCT_NAME = "$(TARGET_NAME)";
				SDKROOT = auto;
				SUPPORTED_PLATFORMS = "iphoneos iphonesimulator macosx xros xrsimulator";
				SWIFT_EMIT_LOC_STRINGS = NO;
				SWIFT_VERSION = 5.0;
				TARGETED_DEVICE_FAMILY = "1,2,7";
				TEST_HOST = "$(BUILT_PRODUCTS_DIR)/CWCSpotifyNetworkingProject.app/$(BUNDLE_EXECUTABLE_FOLDER_PATH)/CWCSpotifyNetworkingProject";
				XROS_DEPLOYMENT_TARGET = 2.0;
			};
			name = Release;
		};
		72BEEA142D52958D006733BE /* Debug */ = {
			isa = XCBuildConfiguration;
			buildSettings = {
				CODE_SIGN_STYLE = Automatic;
				CURRENT_PROJECT_VERSION = 1;
				DEVELOPMENT_TEAM = Z99UQ9K4CC;
				GENERATE_INFOPLIST_FILE = YES;
				IPHONEOS_DEPLOYMENT_TARGET = 18.0;
				MACOSX_DEPLOYMENT_TARGET = 15.0;
				MARKETING_VERSION = 1.0;
				PRODUCT_BUNDLE_IDENTIFIER = nickolasdimitrakas.CWCSpotifyNetworkingProjectUITests;
				PRODUCT_NAME = "$(TARGET_NAME)";
				SDKROOT = auto;
				SUPPORTED_PLATFORMS = "iphoneos iphonesimulator macosx xros xrsimulator";
				SWIFT_EMIT_LOC_STRINGS = NO;
				SWIFT_VERSION = 5.0;
				TARGETED_DEVICE_FAMILY = "1,2,7";
				TEST_TARGET_NAME = CWCSpotifyNetworkingProject;
				XROS_DEPLOYMENT_TARGET = 2.0;
			};
			name = Debug;
		};
		72BEEA152D52958D006733BE /* Release */ = {
			isa = XCBuildConfiguration;
			buildSettings = {
				CODE_SIGN_STYLE = Automatic;
				CURRENT_PROJECT_VERSION = 1;
				DEVELOPMENT_TEAM = Z99UQ9K4CC;
				GENERATE_INFOPLIST_FILE = YES;
				IPHONEOS_DEPLOYMENT_TARGET = 18.0;
				MACOSX_DEPLOYMENT_TARGET = 15.0;
				MARKETING_VERSION = 1.0;
				PRODUCT_BUNDLE_IDENTIFIER = nickolasdimitrakas.CWCSpotifyNetworkingProjectUITests;
				PRODUCT_NAME = "$(TARGET_NAME)";
				SDKROOT = auto;
				SUPPORTED_PLATFORMS = "iphoneos iphonesimulator macosx xros xrsimulator";
				SWIFT_EMIT_LOC_STRINGS = NO;
				SWIFT_VERSION = 5.0;
				TARGETED_DEVICE_FAMILY = "1,2,7";
				TEST_TARGET_NAME = CWCSpotifyNetworkingProject;
				XROS_DEPLOYMENT_TARGET = 2.0;
			};
			name = Release;
		};
/* End XCBuildConfiguration section */

/* Begin XCConfigurationList section */
		72BEE9E32D52958C006733BE /* Build configuration list for PBXProject "CWCSpotifyNetworkingProject" */ = {
			isa = XCConfigurationList;
			buildConfigurations = (
				72BEEA0B2D52958D006733BE /* Debug */,
				72BEEA0C2D52958D006733BE /* Release */,
			);
			defaultConfigurationIsVisible = 0;
			defaultConfigurationName = Release;
		};
		72BEEA0D2D52958D006733BE /* Build configuration list for PBXNativeTarget "CWCSpotifyNetworkingProject" */ = {
			isa = XCConfigurationList;
			buildConfigurations = (
				72BEEA0E2D52958D006733BE /* Debug */,
				72BEEA0F2D52958D006733BE /* Release */,
			);
			defaultConfigurationIsVisible = 0;
			defaultConfigurationName = Release;
		};
		72BEEA102D52958D006733BE /* Build configuration list for PBXNativeTarget "CWCSpotifyNetworkingProjectTests" */ = {
			isa = XCConfigurationList;
			buildConfigurations = (
				72BEEA112D52958D006733BE /* Debug */,
				72BEEA122D52958D006733BE /* Release */,
			);
			defaultConfigurationIsVisible = 0;
			defaultConfigurationName = Release;
		};
		72BEEA132D52958D006733BE /* Build configuration list for PBXNativeTarget "CWCSpotifyNetworkingProjectUITests" */ = {
			isa = XCConfigurationList;
			buildConfigurations = (
				72BEEA142D52958D006733BE /* Debug */,
				72BEEA152D52958D006733BE /* Release */,
			);
			defaultConfigurationIsVisible = 0;
			defaultConfigurationName = Release;
		};
/* End XCConfigurationList section */
	};
	rootObject = 72BEE9E02D52958C006733BE /* Project object */;
}
